
Microsoft Visual Studio Solution File, Format Version 12.00
# Visual Studio Version 17
VisualStudioVersion = 17.3.32901.215
MinimumVisualStudioVersion = 10.0.40219.1
Project("{9A19103F-16F7-4668-BE54-9A1E7A4F7556}") = "UI_Console", "UI_Console\UI_Console.csproj", "{C63E71CE-19B8-430E-863D-777953A6067B}"
EndProject
Project("{9A19103F-16F7-4668-BE54-9A1E7A4F7556}") = "Test", "Test\Test.csproj", "{DDCF5A88-7FF5-4155-8150-735BE3BD90F4}"
EndProject
Project("{9A19103F-16F7-4668-BE54-9A1E7A4F7556}") = "Infrastructure", "Infrastructure\Infrastructure.csproj", "{A41D15CB-54EB-424C-A6B3-07825F7DE295}"
EndProject
Project("{9A19103F-16F7-4668-BE54-9A1E7A4F7556}") = "Application", "Application\Application.csproj", "{B1EA5B83-6F1B-4D35-9400-0D9E6AA5D86D}"
EndProject
Project("{9A19103F-16F7-4668-BE54-9A1E7A4F7556}") = "Domain", "Domain\Domain.csproj", "{5963642D-5A74-4A15-A126-BDAC3AB2C1F8}"
EndProject
Global
	GlobalSection(SolutionConfigurationPlatforms) = preSolution
		Debug|Any CPU = Debug|Any CPU
		Release|Any CPU = Release|Any CPU
	EndGlobalSection
	GlobalSection(ProjectConfigurationPlatforms) = postSolution
		{C63E71CE-19B8-430E-863D-777953A6067B}.Debug|Any CPU.ActiveCfg = Debug|Any CPU
		{C63E71CE-19B8-430E-863D-777953A6067B}.Debug|Any CPU.Build.0 = Debug|Any CPU
		{C63E71CE-19B8-430E-863D-777953A6067B}.Release|Any CPU.ActiveCfg = Release|Any CPU
		{C63E71CE-19B8-430E-863D-777953A6067B}.Release|Any CPU.Build.0 = Release|Any CPU
		{DDCF5A88-7FF5-4155-8150-735BE3BD90F4}.Debug|Any CPU.ActiveCfg = Debug|Any CPU
		{DDCF5A88-7FF5-4155-8150-735BE3BD90F4}.Debug|Any CPU.Build.0 = Debug|Any CPU
		{DDCF5A88-7FF5-4155-8150-735BE3BD90F4}.Release|Any CPU.ActiveCfg = Release|Any CPU
		{DDCF5A88-7FF5-4155-8150-735BE3BD90F4}.Release|Any CPU.Build.0 = Release|Any CPU
		{A41D15CB-54EB-424C-A6B3-07825F7DE295}.Debug|Any CPU.ActiveCfg = Debug|Any CPU
		{A41D15CB-54EB-424C-A6B3-07825F7DE295}.Debug|Any CPU.Build.0 = Debug|Any CPU
		{A41D15CB-54EB-424C-A6B3-07825F7DE295}.Release|Any CPU.ActiveCfg = Release|Any CPU
		{A41D15CB-54EB-424C-A6B3-07825F7DE295}.Release|Any CPU.Build.0 = Release|Any CPU
		{B1EA5B83-6F1B-4D35-9400-0D9E6AA5D86D}.Debug|Any CPU.ActiveCfg = Debug|Any CPU
		{B1EA5B83-6F1B-4D35-9400-0D9E6AA5D86D}.Debug|Any CPU.Build.0 = Debug|Any CPU
		{B1EA5B83-6F1B-4D35-9400-0D9E6AA5D86D}.Release|Any CPU.ActiveCfg = Release|Any CPU
		{B1EA5B83-6F1B-4D35-9400-0D9E6AA5D86D}.Release|Any CPU.Build.0 = Release|Any CPU
		{5963642D-5A74-4A15-A126-BDAC3AB2C1F8}.Debug|Any CPU.ActiveCfg = Debug|Any CPU
		{5963642D-5A74-4A15-A126-BDAC3AB2C1F8}.Debug|Any CPU.Build.0 = Debug|Any CPU
		{5963642D-5A74-4A15-A126-BDAC3AB2C1F8}.Release|Any CPU.ActiveCfg = Release|Any CPU
		{5963642D-5A74-4A15-A126-BDAC3AB2C1F8}.Release|Any CPU.Build.0 = Release|Any CPU
	EndGlobalSection
	GlobalSection(SolutionProperties) = preSolution
		HideSolutionNode = FALSE
	EndGlobalSection
	GlobalSection(ExtensibilityGlobals) = postSolution
		SolutionGuid = {8791462C-701C-4F09-BDA0-2926FD3C53C5}
	EndGlobalSection
EndGlobal
